
Microsoft Visual Studio Solution File, Format Version 12.00
# Visual Studio Version 17
VisualStudioVersion = 17.4.33103.184
MinimumVisualStudioVersion = 10.0.40219.1
Project("{2150E333-8FDC-42A3-9474-1A3956D46DE8}") = "2022", "2022", "{CE4D48F3-7D0A-4D8C-B246-A0A96FF61BC0}"
EndProject
Project("{9A19103F-16F7-4668-BE54-9A1E7A4F7556}") = "2022 - Advent1", "2022\Advent1\2022 - Advent1.csproj", "{E48A6771-1E6E-4664-A6A2-C3B614DD091E}"
EndProject
Project("{9A19103F-16F7-4668-BE54-9A1E7A4F7556}") = "2022 - Advent2", "2022\Advent2\2022 - Advent2.csproj", "{1F1F5A39-E431-4DC0-A6E1-703B09E6F328}"
EndProject
Project("{9A19103F-16F7-4668-BE54-9A1E7A4F7556}") = "2022 - Advent3", "2022\Advent3\2022 - Advent3.csproj", "{4B3866E7-3296-486E-88FF-FDE2EABBA866}"
EndProject
Project("{9A19103F-16F7-4668-BE54-9A1E7A4F7556}") = "2022 - Advent4", "2022\Advent4\2022 - Advent4.csproj", "{C1B4BE76-320B-4F93-8F6B-150072A9840F}"
EndProject
Project("{9A19103F-16F7-4668-BE54-9A1E7A4F7556}") = "2022 - Advent5", "2022\Advent5\2022 - Advent5.csproj", "{A7C774E9-E1AB-4B0F-AC24-1440E0A9E010}"
EndProject
Project("{2150E333-8FDC-42A3-9474-1A3956D46DE8}") = "2023", "2023", "{DCD239E5-477F-415B-BCD2-B14CEFEDA9DB}"
EndProject
Project("{FAE04EC0-301F-11D3-BF4B-00C04F79EFBC}") = "2023 - Advent1", "2023\2023 - Advent1\2023 - Advent1.csproj", "{CD8541B0-AF1A-47C1-A778-B4D1679A7289}"
EndProject
Project("{2150E333-8FDC-42A3-9474-1A3956D46DE8}") = "2024", "2024", "{DF922128-765B-4F31-AA7E-FB5C6ABBEE96}"
EndProject
Project("{FAE04EC0-301F-11D3-BF4B-00C04F79EFBC}") = "2024 - Advent1", "2024\2024 - Advent1\2024 - Advent1.csproj", "{F233C24E-77BE-43F2-8527-CF6557FED609}"
EndProject
Project("{FAE04EC0-301F-11D3-BF4B-00C04F79EFBC}") = "2024 - Advent2", "2024\2024 - Advent2\2024 - Advent2\2024 - Advent2.csproj", "{5093F834-21D7-4F23-8D08-CA826BA8AFAF}"
EndProject
Global
	GlobalSection(SolutionConfigurationPlatforms) = preSolution
		Debug|Any CPU = Debug|Any CPU
		Release|Any CPU = Release|Any CPU
	EndGlobalSection
	GlobalSection(ProjectConfigurationPlatforms) = postSolution
		{E48A6771-1E6E-4664-A6A2-C3B614DD091E}.Debug|Any CPU.ActiveCfg = Debug|Any CPU
		{E48A6771-1E6E-4664-A6A2-C3B614DD091E}.Debug|Any CPU.Build.0 = Debug|Any CPU
		{E48A6771-1E6E-4664-A6A2-C3B614DD091E}.Release|Any CPU.ActiveCfg = Release|Any CPU
		{E48A6771-1E6E-4664-A6A2-C3B614DD091E}.Release|Any CPU.Build.0 = Release|Any CPU
		{1F1F5A39-E431-4DC0-A6E1-703B09E6F328}.Debug|Any CPU.ActiveCfg = Debug|Any CPU
		{1F1F5A39-E431-4DC0-A6E1-703B09E6F328}.Debug|Any CPU.Build.0 = Debug|Any CPU
		{1F1F5A39-E431-4DC0-A6E1-703B09E6F328}.Release|Any CPU.ActiveCfg = Release|Any CPU
		{1F1F5A39-E431-4DC0-A6E1-703B09E6F328}.Release|Any CPU.Build.0 = Release|Any CPU
		{4B3866E7-3296-486E-88FF-FDE2EABBA866}.Debug|Any CPU.ActiveCfg = Debug|Any CPU
		{4B3866E7-3296-486E-88FF-FDE2EABBA866}.Debug|Any CPU.Build.0 = Debug|Any CPU
		{4B3866E7-3296-486E-88FF-FDE2EABBA866}.Release|Any CPU.ActiveCfg = Release|Any CPU
		{4B3866E7-3296-486E-88FF-FDE2EABBA866}.Release|Any CPU.Build.0 = Release|Any CPU
		{C1B4BE76-320B-4F93-8F6B-150072A9840F}.Debug|Any CPU.ActiveCfg = Debug|Any CPU
		{C1B4BE76-320B-4F93-8F6B-150072A9840F}.Debug|Any CPU.Build.0 = Debug|Any CPU
		{C1B4BE76-320B-4F93-8F6B-150072A9840F}.Release|Any CPU.ActiveCfg = Release|Any CPU
		{C1B4BE76-320B-4F93-8F6B-150072A9840F}.Release|Any CPU.Build.0 = Release|Any CPU
		{A7C774E9-E1AB-4B0F-AC24-1440E0A9E010}.Debug|Any CPU.ActiveCfg = Debug|Any CPU
		{A7C774E9-E1AB-4B0F-AC24-1440E0A9E010}.Debug|Any CPU.Build.0 = Debug|Any CPU
		{A7C774E9-E1AB-4B0F-AC24-1440E0A9E010}.Release|Any CPU.ActiveCfg = Release|Any CPU
		{A7C774E9-E1AB-4B0F-AC24-1440E0A9E010}.Release|Any CPU.Build.0 = Release|Any CPU
		{CD8541B0-AF1A-47C1-A778-B4D1679A7289}.Debug|Any CPU.ActiveCfg = Debug|Any CPU
		{CD8541B0-AF1A-47C1-A778-B4D1679A7289}.Debug|Any CPU.Build.0 = Debug|Any CPU
		{CD8541B0-AF1A-47C1-A778-B4D1679A7289}.Release|Any CPU.ActiveCfg = Release|Any CPU
		{CD8541B0-AF1A-47C1-A778-B4D1679A7289}.Release|Any CPU.Build.0 = Release|Any CPU
		{F233C24E-77BE-43F2-8527-CF6557FED609}.Debug|Any CPU.ActiveCfg = Debug|Any CPU
		{F233C24E-77BE-43F2-8527-CF6557FED609}.Debug|Any CPU.Build.0 = Debug|Any CPU
		{F233C24E-77BE-43F2-8527-CF6557FED609}.Release|Any CPU.ActiveCfg = Release|Any CPU
		{F233C24E-77BE-43F2-8527-CF6557FED609}.Release|Any CPU.Build.0 = Release|Any CPU
		{5093F834-21D7-4F23-8D08-CA826BA8AFAF}.Debug|Any CPU.ActiveCfg = Debug|Any CPU
		{5093F834-21D7-4F23-8D08-CA826BA8AFAF}.Debug|Any CPU.Build.0 = Debug|Any CPU
		{5093F834-21D7-4F23-8D08-CA826BA8AFAF}.Release|Any CPU.ActiveCfg = Release|Any CPU
		{5093F834-21D7-4F23-8D08-CA826BA8AFAF}.Release|Any CPU.Build.0 = Release|Any CPU
	EndGlobalSection
	GlobalSection(SolutionProperties) = preSolution
		HideSolutionNode = FALSE
	EndGlobalSection
	GlobalSection(NestedProjects) = preSolution
		{E48A6771-1E6E-4664-A6A2-C3B614DD091E} = {CE4D48F3-7D0A-4D8C-B246-A0A96FF61BC0}
		{1F1F5A39-E431-4DC0-A6E1-703B09E6F328} = {CE4D48F3-7D0A-4D8C-B246-A0A96FF61BC0}
		{4B3866E7-3296-486E-88FF-FDE2EABBA866} = {CE4D48F3-7D0A-4D8C-B246-A0A96FF61BC0}
		{C1B4BE76-320B-4F93-8F6B-150072A9840F} = {CE4D48F3-7D0A-4D8C-B246-A0A96FF61BC0}
		{A7C774E9-E1AB-4B0F-AC24-1440E0A9E010} = {CE4D48F3-7D0A-4D8C-B246-A0A96FF61BC0}
		{CD8541B0-AF1A-47C1-A778-B4D1679A7289} = {DCD239E5-477F-415B-BCD2-B14CEFEDA9DB}
		{F233C24E-77BE-43F2-8527-CF6557FED609} = {DF922128-765B-4F31-AA7E-FB5C6ABBEE96}
		{5093F834-21D7-4F23-8D08-CA826BA8AFAF} = {DF922128-765B-4F31-AA7E-FB5C6ABBEE96}
	EndGlobalSection
	GlobalSection(ExtensibilityGlobals) = postSolution
		SolutionGuid = {64567905-F125-4DC5-B600-8656CBA04B6D}
	EndGlobalSection
EndGlobal
